
Microsoft Visual Studio Solution File, Format Version 12.00
# Visual Studio Version 17
VisualStudioVersion = 17.2.32210.308
MinimumVisualStudioVersion = 10.0.40219.1
Project("{FAE04EC0-301F-11D3-BF4B-00C04F79EFBC}") = "LearningApp", "LearningApp\LearningApp.csproj", "{0A611EC2-CA07-46E8-90BB-ED6AF47E7030}"
EndProject
Global
	GlobalSection(SolutionConfigurationPlatforms) = preSolution
		Debug|Any CPU = Debug|Any CPU
		Release|Any CPU = Release|Any CPU
	EndGlobalSection
	GlobalSection(ProjectConfigurationPlatforms) = postSolution
		{0A611EC2-CA07-46E8-90BB-ED6AF47E7030}.Debug|Any CPU.ActiveCfg = Debug|Any CPU
		{0A611EC2-CA07-46E8-90BB-ED6AF47E7030}.Debug|Any CPU.Build.0 = Debug|Any CPU
		{0A611EC2-CA07-46E8-90BB-ED6AF47E7030}.Release|Any CPU.ActiveCfg = Release|Any CPU
		{0A611EC2-CA07-46E8-90BB-ED6AF47E7030}.Release|Any CPU.Build.0 = Release|Any CPU
	EndGlobalSection
	GlobalSection(SolutionProperties) = preSolution
		HideSolutionNode = FALSE
	EndGlobalSection
	GlobalSection(ExtensibilityGlobals) = postSolution
		SolutionGuid = {14B1A293-21B1-4C8E-9D6A-FF969986283B}
	EndGlobalSection
EndGlobal
